
Microsoft Visual Studio Solution File, Format Version 12.00
# Visual Studio 2012
Project("{FAE04EC0-301F-11D3-BF4B-00C04F79EFBC}") = "FizzBuzz", "FizzBuzz\FizzBuzz.csproj", "{3110496B-75EC-41A9-B33A-1ABB08DC1ADE}"
EndProject
Global
	GlobalSection(SolutionConfigurationPlatforms) = preSolution
		Debug|x86 = Debug|x86
		Release|x86 = Release|x86
	EndGlobalSection
	GlobalSection(ProjectConfigurationPlatforms) = postSolution
		{3110496B-75EC-41A9-B33A-1ABB08DC1ADE}.Debug|x86.ActiveCfg = Debug|x86
		{3110496B-75EC-41A9-B33A-1ABB08DC1ADE}.Debug|x86.Build.0 = Debug|x86
		{3110496B-75EC-41A9-B33A-1ABB08DC1ADE}.Release|x86.ActiveCfg = Release|x86
		{3110496B-75EC-41A9-B33A-1ABB08DC1ADE}.Release|x86.Build.0 = Release|x86
	EndGlobalSection
EndGlobal
